{
  "nodes": {
    "flake-utils": {
      "inputs": {
        "systems": "systems"
      },
      "locked": {
        "lastModified": 1731533236,
        "narHash": "sha256-l0KFg5HjrsfsO/JpG+r7fRrqm12kzFHyUHqHCVpMMbI=",
        "owner": "numtide",
        "repo": "flake-utils",
        "rev": "11707dc2f618dd54ca8739b309ec4fc024de578b",
        "type": "github"
      },
      "original": {
        "owner": "numtide",
        "repo": "flake-utils",
        "type": "github"
      }
    },
    "ixx": {
      "inputs": {
        "flake-utils": [
          "flake-utils"
        ],
        "nixpkgs": [
          "nixpkgs"
        ]
      },
      "locked": {
        "lastModified": 1773353273,
        "narHash": "sha256-MAhuIDmEnsje01XdtHAXKuzo9ZWZXw2z8ommmAFw0ro=",
        "owner": "NuschtOS",
        "repo": "ixx",
        "rev": "5c474fe53ae04572f73a73bd8c316f397a8e5b75",
        "type": "github"
      },
      "original": {
        "owner": "NuschtOS",
        "ref": "packages",
        "repo": "ixx",
        "type": "github"
      }
    },
    "nix-index-database": {
      "inputs": {
        "nixpkgs": [
          "nixpkgs"
        ]
      },
      "locked": {
        "lastModified": 1773552174,
        "narHash": "sha256-mHSRNrT1rjeYBgkAlj07dW3+1nFEgAd8Gu6lgyfT9DU=",
        "owner": "Mic92",
        "repo": "nix-index-database",
        "rev": "8faeb68130df077450451b6734a221ba0d6cde42",
        "type": "github"
      },
      "original": {
        "owner": "Mic92",
        "repo": "nix-index-database",
        "type": "github"
      }
    },
    "nixpkgs": {
      "locked": {
        "lastModified": 1773499987,
        "narHash": "sha256-a3a1j+xI8wJ1HZ2Y26BkJVcrK1U/CUrKR3F/hEJntdk=",
        "owner": "NuschtOS",
        "repo": "nuschtpkgs",
        "rev": "c4fa764b00d467974458cd4ad40c7dc05a4aeafe",
        "type": "github"
      },
      "original": {
        "owner": "NuschtOS",
        "ref": "nixos-unstable",
        "repo": "nuschtpkgs",
        "type": "github"
      }
    },
    "root": {
      "inputs": {
        "flake-utils": "flake-utils",
        "ixx": "ixx",
        "nix-index-database": "nix-index-database",
        "nixpkgs": "nixpkgs"
      }
    },
    "systems": {
      "locked": {
        "lastModified": 1681028828,
        "narHash": "sha256-Vy1rq5AaRuLzOxct8nz4T6wlgyUR7zLU309k9mBC768=",
        "owner": "nix-systems",
        "repo": "default",
        "rev": "da67096a3b9bf56a91d16901293e51ba5b49a27e",
        "type": "github"
      },
      "original": {
        "owner": "nix-systems",
        "repo": "default",
        "type": "github"
      }
    }
  },
  "root": "root",
  "version": 7
}
